// !$*UTF8*$!
{
	archiveVersion = 1;
	classes = {
	};
	objectVersion = 77;
	objects = {

/* Begin PBXFileReference section */
		1DA011962D2E8F6C000E9A68 /* index.html */ = {isa = PBXFileReference; lastKnownFileType = text.html; path = index.html; sourceTree = "<group>"; };
		1DA0119B2D2E8F6C000E9A68 /* style.css */ = {isa = PBXFileReference; lastKnownFileType = text.css; path = style.css; sourceTree = "<group>"; };
/* End PBXFileReference section */

/* Begin PBXFileSystemSynchronizedRootGroup section */
		1DA011D02D2E9E28000E9A68 /* home */ = {
			isa = PBXFileSystemSynchronizedRootGroup;
			path = home;
			sourceTree = "<group>";
		};
/* End PBXFileSystemSynchronizedRootGroup section */

/* Begin PBXGroup section */
		1DA011872D2E8F16000E9A68 = {
			isa = PBXGroup;
			children = (
				1DA011962D2E8F6C000E9A68 /* index.html */,
				1DA0119B2D2E8F6C000E9A68 /* style.css */,
				1DA011D02D2E9E28000E9A68 /* home */,
			);
			sourceTree = "<group>";
		};
/* End PBXGroup section */

/* Begin PBXProject section */
		1DA011882D2E8F16000E9A68 /* Project object */ = {
			isa = PBXProject;
			attributes = {
				BuildIndependentTargetsInParallel = 1;
				LastUpgradeCheck = 1620;
			};
			buildConfigurationList = 1DA0118B2D2E8F16000E9A68 /* Build configuration list for PBXProject "invinixity-website" */;
			developmentRegion = en;
			hasScannedForEncodings = 0;
			knownRegions = (
				en,
				Base,
			);
			mainGroup = 1DA011872D2E8F16000E9A68;
			minimizedProjectReferenceProxies = 1;
			preferredProjectObjectVersion = 77;
			projectDirPath = "";
			projectRoot = "";
			targets = (
			);
		};
/* End PBXProject section */

/* Begin XCBuildConfiguration section */
		1DA0118C2D2E8F16000E9A68 /* Debug */ = {
			isa = XCBuildConfiguration;
			buildSettings = {
			};
			name = Debug;
		};
		1DA0118D2D2E8F16000E9A68 /* Release */ = {
			isa = XCBuildConfiguration;
			buildSettings = {
			};
			name = Release;
		};
/* End XCBuildConfiguration section */

/* Begin XCConfigurationList section */
		1DA0118B2D2E8F16000E9A68 /* Build configuration list for PBXProject "invinixity-website" */ = {
			isa = XCConfigurationList;
			buildConfigurations = (
				1DA0118C2D2E8F16000E9A68 /* Debug */,
				1DA0118D2D2E8F16000E9A68 /* Release */,
			);
			defaultConfigurationIsVisible = 0;
			defaultConfigurationName = Release;
		};
/* End XCConfigurationList section */
	};
	rootObject = 1DA011882D2E8F16000E9A68 /* Project object */;
}
